// !$*UTF8*$!
{
	archiveVersion = 1;
	classes = {
	};
	objectVersion = 77;
	objects = {

/* Begin PBXBuildFile section */
		C54818F12F97C47F006D5686 /* ReadingDataPoints.swift in Sources */ = {isa = PBXBuildFile; fileRef = C54818F02F97C47F006D5686 /* ReadingDataPoints.swift */; };
		C54818F22F97C840006D5686 /* ReadingDataPoints.swift in Sources */ = {isa = PBXBuildFile; fileRef = C54818F02F97C47F006D5686 /* ReadingDataPoints.swift */; };
		C54818FE2F9A66D4006D5686 /* Buttons.swift in Sources */ = {isa = PBXBuildFile; fileRef = C54818FD2F9A66D4006D5686 /* Buttons.swift */; };
		C54819002F9A7190006D5686 /* Animations.swift in Sources */ = {isa = PBXBuildFile; fileRef = C54818FF2F9A7190006D5686 /* Animations.swift */; };
		C54819022F9B67EC006D5686 /* AppConstants.swift in Sources */ = {isa = PBXBuildFile; fileRef = C54819012F9B67EC006D5686 /* AppConstants.swift */; };
		C54819042F9B684C006D5686 /* AppFormatters.swift in Sources */ = {isa = PBXBuildFile; fileRef = C54819032F9B684C006D5686 /* AppFormatters.swift */; };
		C54819062F9B6875006D5686 /* AppNotifications.swift in Sources */ = {isa = PBXBuildFile; fileRef = C54819052F9B6875006D5686 /* AppNotifications.swift */; };
		C54819082F9B775B006D5686 /* VisualEngines.swift in Sources */ = {isa = PBXBuildFile; fileRef = C54819072F9B775B006D5686 /* VisualEngines.swift */; };
		C548190C2F9C44EA006D5686 /* BookMetadataSearchManager.swift in Sources */ = {isa = PBXBuildFile; fileRef = C548190B2F9C44EA006D5686 /* BookMetadataSearchManager.swift */; };
		C54819122F9C52C3006D5686 /* BookMetadataSearchComponents.swift in Sources */ = {isa = PBXBuildFile; fileRef = C54819112F9C52C3006D5686 /* BookMetadataSearchComponents.swift */; };
		C548191E2F9DABBE006D5686 /* SnippetEditorSheet.swift in Sources */ = {isa = PBXBuildFile; fileRef = C548191D2F9DABBE006D5686 /* SnippetEditorSheet.swift */; };
		C54819282F9F385D006D5686 /* GoalSettingsView.swift in Sources */ = {isa = PBXBuildFile; fileRef = C54819272F9F385D006D5686 /* GoalSettingsView.swift */; };
		C548192E2F9F38AC006D5686 /* DataSettingsView.swift in Sources */ = {isa = PBXBuildFile; fileRef = C548192D2F9F38AC006D5686 /* DataSettingsView.swift */; };
		C54819312F9F38C6006D5686 /* AboutSettingsView.swift in Sources */ = {isa = PBXBuildFile; fileRef = C54819302F9F38C6006D5686 /* AboutSettingsView.swift */; };
		C54819832FA09BEC006D5686 /* ReadingDataService.swift in Sources */ = {isa = PBXBuildFile; fileRef = C54819822FA09BEC006D5686 /* ReadingDataService.swift */; };
		C54819852FA0E765006D5686 /* LiquidGlassButton.swift in Sources */ = {isa = PBXBuildFile; fileRef = C54819842FA0E765006D5686 /* LiquidGlassButton.swift */; };
		C54819892FA19CA7006D5686 /* TopToastManager.swift in Sources */ = {isa = PBXBuildFile; fileRef = C54819882FA19CA7006D5686 /* TopToastManager.swift */; };
		C54819C52FA34065006D5686 /* MobileButtons.swift in Sources */ = {isa = PBXBuildFile; fileRef = C54819C42FA34065006D5686 /* MobileButtons.swift */; };
		C54819C72FA37817006D5686 /* MobileDataSettingsView.swift in Sources */ = {isa = PBXBuildFile; fileRef = C54819C62FA37817006D5686 /* MobileDataSettingsView.swift */; };
		C54819CC2FA3A3BF006D5686 /* MobileSnippetEditorSheet.swift in Sources */ = {isa = PBXBuildFile; fileRef = C54819CB2FA3A3BF006D5686 /* MobileSnippetEditorSheet.swift */; };
		C5481A022FA86010006D5686 /* BookMetadataSpotlightSearchView.swift in Sources */ = {isa = PBXBuildFile; fileRef = C5481A012FA86010006D5686 /* BookMetadataSpotlightSearchView.swift */; };
		C5FD828C2F90C4BB0003A500 /* SharedDatabase.swift in Sources */ = {isa = PBXBuildFile; fileRef = C5FD828A2F90C4BB0003A500 /* SharedDatabase.swift */; };
		C5FD82912F90C4BB0003A500 /* ImageCacheManager.swift in Sources */ = {isa = PBXBuildFile; fileRef = C5FD82882F90C4BB0003A500 /* ImageCacheManager.swift */; };
		C5FD82AA2F90C5640003A500 /* BookEditorSheet.swift in Sources */ = {isa = PBXBuildFile; fileRef = C5FD82A92F90C5640003A500 /* BookEditorSheet.swift */; };
		C5FD82AB2F90C5640003A500 /* ContentEditorSheet.swift in Sources */ = {isa = PBXBuildFile; fileRef = C5FD82A82F90C5640003A500 /* ContentEditorSheet.swift */; };
		C5FD82B12F90C59F0003A500 /* MobileGalleryView.swift in Sources */ = {isa = PBXBuildFile; fileRef = C5FD82AD2F90C59F0003A500 /* MobileGalleryView.swift */; };
		C5FD82B52F90C5A70003A500 /* MobileContentView.swift in Sources */ = {isa = PBXBuildFile; fileRef = C5FD82B42F90C5A70003A500 /* MobileContentView.swift */; };
		C5FD82B72F90C5AD0003A500 /* MobileSettingsView.swift in Sources */ = {isa = PBXBuildFile; fileRef = C5FD82B62F90C5AD0003A500 /* MobileSettingsView.swift */; };
		C5FD82BA2F90C5B70003A500 /* MobileYearlyTimelineView.swift in Sources */ = {isa = PBXBuildFile; fileRef = C5FD82B92F90C5B70003A500 /* MobileYearlyTimelineView.swift */; };
		C5FD82BB2F90C5B70003A500 /* MobileMonthlyRecordView.swift in Sources */ = {isa = PBXBuildFile; fileRef = C5FD82B82F90C5B70003A500 /* MobileMonthlyRecordView.swift */; };
		C5FD82BF2F90C5CB0003A500 /* MobileBookEditorSheet.swift in Sources */ = {isa = PBXBuildFile; fileRef = C5FD82BE2F90C5CB0003A500 /* MobileBookEditorSheet.swift */; };
		C5FD82C02F90C5CB0003A500 /* MobileAddExcerptSheet.swift in Sources */ = {isa = PBXBuildFile; fileRef = C5FD82BD2F90C5CB0003A500 /* MobileAddExcerptSheet.swift */; };
		C5FD82CC2F90C6150003A500 /* SettingsComponents.swift in Sources */ = {isa = PBXBuildFile; fileRef = C5FD82C92F90C6150003A500 /* SettingsComponents.swift */; };
		C5FD82CF2F90C6150003A500 /* GeneralSettingsView.swift in Sources */ = {isa = PBXBuildFile; fileRef = C5FD82C82F90C6150003A500 /* GeneralSettingsView.swift */; };
		C5FD82D12F90C6150003A500 /* SettingsView.swift in Sources */ = {isa = PBXBuildFile; fileRef = C5FD82CA2F90C6150003A500 /* SettingsView.swift */; };
		C5FD82D52F90C9370003A500 /* ContentView.swift in Sources */ = {isa = PBXBuildFile; fileRef = C5FD82D42F90C9370003A500 /* ContentView.swift */; };
		C5FD82DD2F90CC1D0003A500 /* WidgetKit.framework in Frameworks */ = {isa = PBXBuildFile; fileRef = C5FD82DC2F90CC1D0003A500 /* WidgetKit.framework */; };
		C5FD82DF2F90CC1D0003A500 /* SwiftUI.framework in Frameworks */ = {isa = PBXBuildFile; fileRef = C5FD82DE2F90CC1D0003A500 /* SwiftUI.framework */; };
		C5FD82EA2F90CC1D0003A500 /* LibraryWidgetsExtension.appex in Embed Foundation Extensions */ = {isa = PBXBuildFile; fileRef = C5FD82DA2F90CC1D0003A500 /* LibraryWidgetsExtension.appex */; settings = {ATTRIBUTES = (RemoveHeadersOnCopy, ); }; };
		C5FD82FA2F90CD1F0003A500 /* SharedDatabase.swift in Sources */ = {isa = PBXBuildFile; fileRef = C5FD828A2F90C4BB0003A500 /* SharedDatabase.swift */; };
		C5FD82FC2F90CD2E0003A500 /* Book.swift in Sources */ = {isa = PBXBuildFile; fileRef = C6A100012FA80000006D5686 /* Book.swift */; };
		C5FD83262F934C250003A500 /* NativeWidgetGroupBoxStyle.swift in Sources */ = {isa = PBXBuildFile; fileRef = C5FD83252F934C250003A500 /* NativeWidgetGroupBoxStyle.swift */; };
		C5FD83272F934C250003A500 /* AmbientGlowBackground.swift in Sources */ = {isa = PBXBuildFile; fileRef = C5FD83212F934C250003A500 /* AmbientGlowBackground.swift */; };
		C5FD83282F934C250003A500 /* BookCoverView.swift in Sources */ = {isa = PBXBuildFile; fileRef = C5FD83242F934C250003A500 /* BookCoverView.swift */; };
		C5FD83292F934C250003A500 /* Background.swift in Sources */ = {isa = PBXBuildFile; fileRef = C5FD83222F934C250003A500 /* Background.swift */; };
		C5FD832A2F934C250003A500 /* ConfettiView.swift in Sources */ = {isa = PBXBuildFile; fileRef = C5FD83232F934C250003A500 /* ConfettiView.swift */; };
		C5FD834D2F9513080003A500 /* ReadingHero.swift in Sources */ = {isa = PBXBuildFile; fileRef = C5FD834C2F9513080003A500 /* ReadingHero.swift */; };
		C5FD83532F9513340003A500 /* MomentumChart.swift in Sources */ = {isa = PBXBuildFile; fileRef = C5FD83522F9513340003A500 /* MomentumChart.swift */; };
		C5FD83572F95134E0003A500 /* HeatmapRibbon.swift in Sources */ = {isa = PBXBuildFile; fileRef = C5FD83552F95134E0003A500 /* HeatmapRibbon.swift */; };
		C5FD83592F95135F0003A500 /* ResonanceWave.swift in Sources */ = {isa = PBXBuildFile; fileRef = C5FD83582F95135F0003A500 /* ResonanceWave.swift */; };
		C5FD835C2F9513770003A500 /* QueueBookshelf.swift in Sources */ = {isa = PBXBuildFile; fileRef = C5FD835B2F9513770003A500 /* QueueBookshelf.swift */; };
		C5FD83602F9513870003A500 /* KnowledgeSpectrum.swift in Sources */ = {isa = PBXBuildFile; fileRef = C5FD835E2F9513870003A500 /* KnowledgeSpectrum.swift */; };
		C5FD83632F9513B80003A500 /* HomeView.swift in Sources */ = {isa = PBXBuildFile; fileRef = C5FD83612F9513B80003A500 /* HomeView.swift */; };
		C5FD83662F95152A0003A500 /* BookCard.swift in Sources */ = {isa = PBXBuildFile; fileRef = C5FD83652F95152A0003A500 /* BookCard.swift */; };
		C5FD83682F9515500003A500 /* MiniInventoryBar.swift in Sources */ = {isa = PBXBuildFile; fileRef = C5FD83672F9515500003A500 /* MiniInventoryBar.swift */; };
		C5FD836A2F95156D0003A500 /* GalleryView.swift in Sources */ = {isa = PBXBuildFile; fileRef = C5FD83692F95156D0003A500 /* GalleryView.swift */; };
		C5FD83762F9517330003A500 /* InspirationWallView.swift in Sources */ = {isa = PBXBuildFile; fileRef = C5FD83752F9517330003A500 /* InspirationWallView.swift */; };
		C5FD83782F95174A0003A500 /* SnippetCardView.swift in Sources */ = {isa = PBXBuildFile; fileRef = C5FD83772F95174A0003A500 /* SnippetCardView.swift */; };
		C5FD837B2F9518440003A500 /* YearlyTimelineView.swift in Sources */ = {isa = PBXBuildFile; fileRef = C5FD837A2F9518440003A500 /* YearlyTimelineView.swift */; };
		C5FD837E2F9518D50003A500 /* MonthlyRecordView.swift in Sources */ = {isa = PBXBuildFile; fileRef = C5FD837D2F9518D50003A500 /* MonthlyRecordView.swift */; };
		C5FD83812F9519930003A500 /* BookDetailView.swift in Sources */ = {isa = PBXBuildFile; fileRef = C5FD83802F9519930003A500 /* BookDetailView.swift */; };
		C5FD83832F9519B60003A500 /* BookDossier.swift in Sources */ = {isa = PBXBuildFile; fileRef = C5FD83822F9519B60003A500 /* BookDossier.swift */; };
		C5FD83882F9519EB0003A500 /* BookExcerpts.swift in Sources */ = {isa = PBXBuildFile; fileRef = C5FD83872F9519EB0003A500 /* BookExcerpts.swift */; };
		C5FD83992F952F7C0003A500 /* MobileHomeView.swift in Sources */ = {isa = PBXBuildFile; fileRef = C5FD83982F952F7C0003A500 /* MobileHomeView.swift */; };
		C5FD839B2F952F930003A500 /* MobileReadingHeroCard.swift in Sources */ = {isa = PBXBuildFile; fileRef = C5FD839A2F952F930003A500 /* MobileReadingHeroCard.swift */; };
		C5FD839F2F952FC40003A500 /* MobileDashboardCard.swift in Sources */ = {isa = PBXBuildFile; fileRef = C5FD839E2F952FC30003A500 /* MobileDashboardCard.swift */; };
		C5FD83A32F952FFE0003A500 /* MobileQueueCarouselCard.swift in Sources */ = {isa = PBXBuildFile; fileRef = C5FD83A22F952FFE0003A500 /* MobileQueueCarouselCard.swift */; };
		C5FD83A52F9530090003A500 /* MobileYearlyHeatmapCard.swift in Sources */ = {isa = PBXBuildFile; fileRef = C5FD83A42F9530090003A500 /* MobileYearlyHeatmapCard.swift */; };
		C5FD83A72F9530240003A500 /* MobileKnowledgeSpectrumCard.swift in Sources */ = {isa = PBXBuildFile; fileRef = C5FD83A62F9530240003A500 /* MobileKnowledgeSpectrumCard.swift */; };
		C5FD83A92F9530530003A500 /* MobileMomentumChartCard.swift in Sources */ = {isa = PBXBuildFile; fileRef = C5FD83A82F9530530003A500 /* MobileMomentumChartCard.swift */; };
		C5FD83AE2F95336D0003A500 /* MobileInspirationWallView.swift in Sources */ = {isa = PBXBuildFile; fileRef = C5FD83AD2F95336D0003A500 /* MobileInspirationWallView.swift */; };
		C5FD83BB2F9535C80003A500 /* MobileBookDetailView.swift in Sources */ = {isa = PBXBuildFile; fileRef = C5FD83BA2F9535C80003A500 /* MobileBookDetailView.swift */; };
		C5FD83BD2F9535DD0003A500 /* MobileBookDetailComponents.swift in Sources */ = {isa = PBXBuildFile; fileRef = C5FD83BC2F9535DD0003A500 /* MobileBookDetailComponents.swift */; };
		C5FD83BF2F9535FA0003A500 /* MobileExcerptsAndNotesList.swift in Sources */ = {isa = PBXBuildFile; fileRef = C5FD83BE2F9535FA0003A500 /* MobileExcerptsAndNotesList.swift */; };
		C5FD83C12F9536B50003A500 /* MobileArchiveHostView.swift in Sources */ = {isa = PBXBuildFile; fileRef = C5FD83C02F9536B50003A500 /* MobileArchiveHostView.swift */; };
		C6A100022FA80000006D5686 /* Book.swift in Sources */ = {isa = PBXBuildFile; fileRef = C6A100012FA80000006D5686 /* Book.swift */; };
		C6A100052FA80000006D5686 /* ReadingSession.swift in Sources */ = {isa = PBXBuildFile; fileRef = C6A100042FA80000006D5686 /* ReadingSession.swift */; };
		C6A100062FA80000006D5686 /* ReadingSession.swift in Sources */ = {isa = PBXBuildFile; fileRef = C6A100042FA80000006D5686 /* ReadingSession.swift */; };
		C6A100082FA80000006D5686 /* Excerpt.swift in Sources */ = {isa = PBXBuildFile; fileRef = C6A100072FA80000006D5686 /* Excerpt.swift */; };
		C6A100092FA80000006D5686 /* Excerpt.swift in Sources */ = {isa = PBXBuildFile; fileRef = C6A100072FA80000006D5686 /* Excerpt.swift */; };
		C6A1000B2FA80000006D5686 /* UserConfig.swift in Sources */ = {isa = PBXBuildFile; fileRef = C6A1000A2FA80000006D5686 /* UserConfig.swift */; };
		C6A1000C2FA80000006D5686 /* UserConfig.swift in Sources */ = {isa = PBXBuildFile; fileRef = C6A1000A2FA80000006D5686 /* UserConfig.swift */; };
		C6A100112FA80000006D5686 /* ReadingEnums.swift in Sources */ = {isa = PBXBuildFile; fileRef = C6A100102FA80000006D5686 /* ReadingEnums.swift */; };
		C6A100122FA80000006D5686 /* ReadingEnums.swift in Sources */ = {isa = PBXBuildFile; fileRef = C6A100102FA80000006D5686 /* ReadingEnums.swift */; };
		C6A101022FA80000006D5686 /* ReadingDateHelper.swift in Sources */ = {isa = PBXBuildFile; fileRef = C6A101012FA80000006D5686 /* ReadingDateHelper.swift */; };
		C6A101042FA80000006D5686 /* ReadingStatsCalculator.swift in Sources */ = {isa = PBXBuildFile; fileRef = C6A101032FA80000006D5686 /* ReadingStatsCalculator.swift */; };
		C6A101062FA80000006D5686 /* ReadingValidation.swift in Sources */ = {isa = PBXBuildFile; fileRef = C6A101052FA80000006D5686 /* ReadingValidation.swift */; };
		C6A102022FA80000006D5686 /* AppColors.swift in Sources */ = {isa = PBXBuildFile; fileRef = C6A102012FA80000006D5686 /* AppColors.swift */; };
		C6A102042FA80000006D5686 /* AppTypography.swift in Sources */ = {isa = PBXBuildFile; fileRef = C6A102032FA80000006D5686 /* AppTypography.swift */; };
		C6A102062FA80000006D5686 /* AppSpacing.swift in Sources */ = {isa = PBXBuildFile; fileRef = C6A102052FA80000006D5686 /* AppSpacing.swift */; };
		C6A102082FA80000006D5686 /* AppRadius.swift in Sources */ = {isa = PBXBuildFile; fileRef = C6A102072FA80000006D5686 /* AppRadius.swift */; };
		C6A1020A2FA80000006D5686 /* AppShadows.swift in Sources */ = {isa = PBXBuildFile; fileRef = C6A102092FA80000006D5686 /* AppShadows.swift */; };
		C6A1020C2FA80000006D5686 /* AppMaterials.swift in Sources */ = {isa = PBXBuildFile; fileRef = C6A1020B2FA80000006D5686 /* AppMaterials.swift */; };
		C6A1020E2FA80000006D5686 /* AppComponentSizes.swift in Sources */ = {isa = PBXBuildFile; fileRef = C6A1020D2FA80000006D5686 /* AppComponentSizes.swift */; };
		C6A103022FA80000006D5686 /* StatusBadgeView.swift in Sources */ = {isa = PBXBuildFile; fileRef = C6A103012FA80000006D5686 /* StatusBadgeView.swift */; };
		C6A103042FA80000006D5686 /* ProgressBarView.swift in Sources */ = {isa = PBXBuildFile; fileRef = C6A103032FA80000006D5686 /* ProgressBarView.swift */; };
		C6A103062FA80000006D5686 /* EmptyStateView.swift in Sources */ = {isa = PBXBuildFile; fileRef = C6A103052FA80000006D5686 /* EmptyStateView.swift */; };
		C6A105022FA80000006D5686 /* ReadingProgressDraft.swift in Sources */ = {isa = PBXBuildFile; fileRef = C6A105012FA80000006D5686 /* ReadingProgressDraft.swift */; };
		C6A105042FA80000006D5686 /* ReadingProgressInputView.swift in Sources */ = {isa = PBXBuildFile; fileRef = C6A105032FA80000006D5686 /* ReadingProgressInputView.swift */; };
		C6A105062FA80000006D5686 /* ReadingTimerStore.swift in Sources */ = {isa = PBXBuildFile; fileRef = C6A105052FA80000006D5686 /* ReadingTimerStore.swift */; };
/* End PBXBuildFile section */

/* Begin PBXContainerItemProxy section */
		C5FD82E82F90CC1D0003A500 /* PBXContainerItemProxy */ = {
			isa = PBXContainerItemProxy;
			containerPortal = C5FD82032F90C3530003A500 /* Project object */;
			proxyType = 1;
			remoteGlobalIDString = C5FD82D92F90CC1D0003A500;
			remoteInfo = LibraryWidgetsExtension;
		};
/* End PBXContainerItemProxy section */

/* Begin PBXCopyFilesBuildPhase section */
		C5FD82EF2F90CC1D0003A500 /* Embed Foundation Extensions */ = {
			isa = PBXCopyFilesBuildPhase;
			buildActionMask = 2147483647;
			dstPath = "";
			dstSubfolderSpec = 13;
			files = (
				C5FD82EA2F90CC1D0003A500 /* LibraryWidgetsExtension.appex in Embed Foundation Extensions */,
			);
			name = "Embed Foundation Extensions";
			runOnlyForDeploymentPostprocessing = 0;
		};
/* End PBXCopyFilesBuildPhase section */

/* Begin PBXFileReference section */
		C54818F02F97C47F006D5686 /* ReadingDataPoints.swift */ = {isa = PBXFileReference; lastKnownFileType = sourcecode.swift; path = ReadingDataPoints.swift; sourceTree = "<group>"; };
		C54818FD2F9A66D4006D5686 /* Buttons.swift */ = {isa = PBXFileReference; lastKnownFileType = sourcecode.swift; path = Buttons.swift; sourceTree = "<group>"; };
		C54818FF2F9A7190006D5686 /* Animations.swift */ = {isa = PBXFileReference; lastKnownFileType = sourcecode.swift; path = Animations.swift; sourceTree = "<group>"; };
		C54819012F9B67EC006D5686 /* AppConstants.swift */ = {isa = PBXFileReference; lastKnownFileType = sourcecode.swift; path = AppConstants.swift; sourceTree = "<group>"; };
		C54819032F9B684C006D5686 /* AppFormatters.swift */ = {isa = PBXFileReference; lastKnownFileType = sourcecode.swift; path = AppFormatters.swift; sourceTree = "<group>"; };
		C54819052F9B6875006D5686 /* AppNotifications.swift */ = {isa = PBXFileReference; lastKnownFileType = sourcecode.swift; path = AppNotifications.swift; sourceTree = "<group>"; };
		C54819072F9B775B006D5686 /* VisualEngines.swift */ = {isa = PBXFileReference; lastKnownFileType = sourcecode.swift; path = VisualEngines.swift; sourceTree = "<group>"; };
		C548190B2F9C44EA006D5686 /* BookMetadataSearchManager.swift */ = {isa = PBXFileReference; lastKnownFileType = sourcecode.swift; path = BookMetadataSearchManager.swift; sourceTree = "<group>"; };
		C54819112F9C52C3006D5686 /* BookMetadataSearchComponents.swift */ = {isa = PBXFileReference; lastKnownFileType = sourcecode.swift; path = BookMetadataSearchComponents.swift; sourceTree = "<group>"; };
		C548191D2F9DABBE006D5686 /* SnippetEditorSheet.swift */ = {isa = PBXFileReference; lastKnownFileType = sourcecode.swift; path = SnippetEditorSheet.swift; sourceTree = "<group>"; };
		C54819272F9F385D006D5686 /* GoalSettingsView.swift */ = {isa = PBXFileReference; lastKnownFileType = sourcecode.swift; path = GoalSettingsView.swift; sourceTree = "<group>"; };
		C548192D2F9F38AC006D5686 /* DataSettingsView.swift */ = {isa = PBXFileReference; lastKnownFileType = sourcecode.swift; path = DataSettingsView.swift; sourceTree = "<group>"; };
		C54819302F9F38C6006D5686 /* AboutSettingsView.swift */ = {isa = PBXFileReference; lastKnownFileType = sourcecode.swift; path = AboutSettingsView.swift; sourceTree = "<group>"; };
		C54819822FA09BEC006D5686 /* ReadingDataService.swift */ = {isa = PBXFileReference; lastKnownFileType = sourcecode.swift; path = ReadingDataService.swift; sourceTree = "<group>"; };
		C54819842FA0E765006D5686 /* LiquidGlassButton.swift */ = {isa = PBXFileReference; lastKnownFileType = sourcecode.swift; path = LiquidGlassButton.swift; sourceTree = "<group>"; };
		C54819882FA19CA7006D5686 /* TopToastManager.swift */ = {isa = PBXFileReference; lastKnownFileType = sourcecode.swift; path = TopToastManager.swift; sourceTree = "<group>"; };
		C54819C42FA34065006D5686 /* MobileButtons.swift */ = {isa = PBXFileReference; lastKnownFileType = sourcecode.swift; path = MobileButtons.swift; sourceTree = "<group>"; };
		C54819C62FA37817006D5686 /* MobileDataSettingsView.swift */ = {isa = PBXFileReference; lastKnownFileType = sourcecode.swift; path = MobileDataSettingsView.swift; sourceTree = "<group>"; };
		C54819CB2FA3A3BF006D5686 /* MobileSnippetEditorSheet.swift */ = {isa = PBXFileReference; lastKnownFileType = sourcecode.swift; path = MobileSnippetEditorSheet.swift; sourceTree = "<group>"; };
		C5481A012FA86010006D5686 /* BookMetadataSpotlightSearchView.swift */ = {isa = PBXFileReference; lastKnownFileType = sourcecode.swift; path = BookMetadataSpotlightSearchView.swift; sourceTree = "<group>"; };
		C5FD820B2F90C3530003A500 /* Library.app */ = {isa = PBXFileReference; explicitFileType = wrapper.application; includeInIndex = 0; path = Library.app; sourceTree = BUILT_PRODUCTS_DIR; };
		C5FD82882F90C4BB0003A500 /* ImageCacheManager.swift */ = {isa = PBXFileReference; lastKnownFileType = sourcecode.swift; path = ImageCacheManager.swift; sourceTree = "<group>"; };
		C5FD828A2F90C4BB0003A500 /* SharedDatabase.swift */ = {isa = PBXFileReference; lastKnownFileType = sourcecode.swift; path = SharedDatabase.swift; sourceTree = "<group>"; };
		C5FD82A82F90C5640003A500 /* ContentEditorSheet.swift */ = {isa = PBXFileReference; lastKnownFileType = sourcecode.swift; path = ContentEditorSheet.swift; sourceTree = "<group>"; };
		C5FD82A92F90C5640003A500 /* BookEditorSheet.swift */ = {isa = PBXFileReference; lastKnownFileType = sourcecode.swift; path = BookEditorSheet.swift; sourceTree = "<group>"; };
		C5FD82AD2F90C59F0003A500 /* MobileGalleryView.swift */ = {isa = PBXFileReference; lastKnownFileType = sourcecode.swift; path = MobileGalleryView.swift; sourceTree = "<group>"; };
		C5FD82B42F90C5A70003A500 /* MobileContentView.swift */ = {isa = PBXFileReference; lastKnownFileType = sourcecode.swift; path = MobileContentView.swift; sourceTree = "<group>"; };
		C5FD82B62F90C5AD0003A500 /* MobileSettingsView.swift */ = {isa = PBXFileReference; lastKnownFileType = sourcecode.swift; path = MobileSettingsView.swift; sourceTree = "<group>"; };
		C5FD82B82F90C5B70003A500 /* MobileMonthlyRecordView.swift */ = {isa = PBXFileReference; lastKnownFileType = sourcecode.swift; path = MobileMonthlyRecordView.swift; sourceTree = "<group>"; };
		C5FD82B92F90C5B70003A500 /* MobileYearlyTimelineView.swift */ = {isa = PBXFileReference; lastKnownFileType = sourcecode.swift; path = MobileYearlyTimelineView.swift; sourceTree = "<group>"; };
		C5FD82BD2F90C5CB0003A500 /* MobileAddExcerptSheet.swift */ = {isa = PBXFileReference; lastKnownFileType = sourcecode.swift; path = MobileAddExcerptSheet.swift; sourceTree = "<group>"; };
		C5FD82BE2F90C5CB0003A500 /* MobileBookEditorSheet.swift */ = {isa = PBXFileReference; lastKnownFileType = sourcecode.swift; path = MobileBookEditorSheet.swift; sourceTree = "<group>"; };
		C5FD82C82F90C6150003A500 /* GeneralSettingsView.swift */ = {isa = PBXFileReference; lastKnownFileType = sourcecode.swift; path = GeneralSettingsView.swift; sourceTree = "<group>"; };
		C5FD82C92F90C6150003A500 /* SettingsComponents.swift */ = {isa = PBXFileReference; lastKnownFileType = sourcecode.swift; path = SettingsComponents.swift; sourceTree = "<group>"; };
		C5FD82CA2F90C6150003A500 /* SettingsView.swift */ = {isa = PBXFileReference; lastKnownFileType = sourcecode.swift; path = SettingsView.swift; sourceTree = "<group>"; };
		C5FD82D42F90C9370003A500 /* ContentView.swift */ = {isa = PBXFileReference; lastKnownFileType = sourcecode.swift; path = ContentView.swift; sourceTree = "<group>"; };
		C5FD82DA2F90CC1D0003A500 /* LibraryWidgetsExtension.appex */ = {isa = PBXFileReference; explicitFileType = "wrapper.app-extension"; includeInIndex = 0; path = LibraryWidgetsExtension.appex; sourceTree = BUILT_PRODUCTS_DIR; };
		C5FD82DC2F90CC1D0003A500 /* WidgetKit.framework */ = {isa = PBXFileReference; lastKnownFileType = wrapper.framework; name = WidgetKit.framework; path = /System/Library/Frameworks/WidgetKit.framework; sourceTree = "<absolute>"; };
		C5FD82DE2F90CC1D0003A500 /* SwiftUI.framework */ = {isa = PBXFileReference; lastKnownFileType = wrapper.framework; name = SwiftUI.framework; path = /System/Library/Frameworks/SwiftUI.framework; sourceTree = "<absolute>"; };
		C5FD82FD2F90D72A0003A500 /* LibraryWidgetsExtension.entitlements */ = {isa = PBXFileReference; lastKnownFileType = text.plist.entitlements; path = LibraryWidgetsExtension.entitlements; sourceTree = "<group>"; };
		C5FD83212F934C250003A500 /* AmbientGlowBackground.swift */ = {isa = PBXFileReference; lastKnownFileType = sourcecode.swift; path = AmbientGlowBackground.swift; sourceTree = "<group>"; };
		C5FD83222F934C250003A500 /* Background.swift */ = {isa = PBXFileReference; lastKnownFileType = sourcecode.swift; path = Background.swift; sourceTree = "<group>"; };
		C5FD83232F934C250003A500 /* ConfettiView.swift */ = {isa = PBXFileReference; lastKnownFileType = sourcecode.swift; path = ConfettiView.swift; sourceTree = "<group>"; };
		C5FD83242F934C250003A500 /* BookCoverView.swift */ = {isa = PBXFileReference; lastKnownFileType = sourcecode.swift; path = BookCoverView.swift; sourceTree = "<group>"; };
		C5FD83252F934C250003A500 /* NativeWidgetGroupBoxStyle.swift */ = {isa = PBXFileReference; lastKnownFileType = sourcecode.swift; path = NativeWidgetGroupBoxStyle.swift; sourceTree = "<group>"; };
		C5FD834C2F9513080003A500 /* ReadingHero.swift */ = {isa = PBXFileReference; lastKnownFileType = sourcecode.swift; path = ReadingHero.swift; sourceTree = "<group>"; };
		C5FD83522F9513340003A500 /* MomentumChart.swift */ = {isa = PBXFileReference; lastKnownFileType = sourcecode.swift; path = MomentumChart.swift; sourceTree = "<group>"; };
		C5FD83552F95134E0003A500 /* HeatmapRibbon.swift */ = {isa = PBXFileReference; lastKnownFileType = sourcecode.swift; path = HeatmapRibbon.swift; sourceTree = "<group>"; };
		C5FD83582F95135F0003A500 /* ResonanceWave.swift */ = {isa = PBXFileReference; lastKnownFileType = sourcecode.swift; path = ResonanceWave.swift; sourceTree = "<group>"; };
		C5FD835B2F9513770003A500 /* QueueBookshelf.swift */ = {isa = PBXFileReference; lastKnownFileType = sourcecode.swift; path = QueueBookshelf.swift; sourceTree = "<group>"; };
		C5FD835E2F9513870003A500 /* KnowledgeSpectrum.swift */ = {isa = PBXFileReference; lastKnownFileType = sourcecode.swift; path = KnowledgeSpectrum.swift; sourceTree = "<group>"; };
		C5FD83612F9513B80003A500 /* HomeView.swift */ = {isa = PBXFileReference; lastKnownFileType = sourcecode.swift; path = HomeView.swift; sourceTree = "<group>"; };
		C5FD83652F95152A0003A500 /* BookCard.swift */ = {isa = PBXFileReference; lastKnownFileType = sourcecode.swift; path = BookCard.swift; sourceTree = "<group>"; };
		C5FD83672F9515500003A500 /* MiniInventoryBar.swift */ = {isa = PBXFileReference; lastKnownFileType = sourcecode.swift; path = MiniInventoryBar.swift; sourceTree = "<group>"; };
		C5FD83692F95156D0003A500 /* GalleryView.swift */ = {isa = PBXFileReference; lastKnownFileType = sourcecode.swift; path = GalleryView.swift; sourceTree = "<group>"; };
		C5FD83752F9517330003A500 /* InspirationWallView.swift */ = {isa = PBXFileReference; lastKnownFileType = sourcecode.swift; path = InspirationWallView.swift; sourceTree = "<group>"; };
		C5FD83772F95174A0003A500 /* SnippetCardView.swift */ = {isa = PBXFileReference; lastKnownFileType = sourcecode.swift; path = SnippetCardView.swift; sourceTree = "<group>"; };
		C5FD837A2F9518440003A500 /* YearlyTimelineView.swift */ = {isa = PBXFileReference; lastKnownFileType = sourcecode.swift; path = YearlyTimelineView.swift; sourceTree = "<group>"; };
		C5FD837D2F9518D50003A500 /* MonthlyRecordView.swift */ = {isa = PBXFileReference; lastKnownFileType = sourcecode.swift; path = MonthlyRecordView.swift; sourceTree = "<group>"; };
		C5FD83802F9519930003A500 /* BookDetailView.swift */ = {isa = PBXFileReference; lastKnownFileType = sourcecode.swift; path = BookDetailView.swift; sourceTree = "<group>"; };
		C5FD83822F9519B60003A500 /* BookDossier.swift */ = {isa = PBXFileReference; lastKnownFileType = sourcecode.swift; path = BookDossier.swift; sourceTree = "<group>"; };
		C5FD83872F9519EB0003A500 /* BookExcerpts.swift */ = {isa = PBXFileReference; lastKnownFileType = sourcecode.swift; path = BookExcerpts.swift; sourceTree = "<group>"; };
		C5FD83982F952F7C0003A500 /* MobileHomeView.swift */ = {isa = PBXFileReference; lastKnownFileType = sourcecode.swift; path = MobileHomeView.swift; sourceTree = "<group>"; };
		C5FD839A2F952F930003A500 /* MobileReadingHeroCard.swift */ = {isa = PBXFileReference; lastKnownFileType = sourcecode.swift; path = MobileReadingHeroCard.swift; sourceTree = "<group>"; };
		C5FD839E2F952FC30003A500 /* MobileDashboardCard.swift */ = {isa = PBXFileReference; lastKnownFileType = sourcecode.swift; path = MobileDashboardCard.swift; sourceTree = "<group>"; };
		C5FD83A22F952FFE0003A500 /* MobileQueueCarouselCard.swift */ = {isa = PBXFileReference; lastKnownFileType = sourcecode.swift; path = MobileQueueCarouselCard.swift; sourceTree = "<group>"; };
		C5FD83A42F9530090003A500 /* MobileYearlyHeatmapCard.swift */ = {isa = PBXFileReference; lastKnownFileType = sourcecode.swift; path = MobileYearlyHeatmapCard.swift; sourceTree = "<group>"; };
		C5FD83A62F9530240003A500 /* MobileKnowledgeSpectrumCard.swift */ = {isa = PBXFileReference; lastKnownFileType = sourcecode.swift; path = MobileKnowledgeSpectrumCard.swift; sourceTree = "<group>"; };
		C5FD83A82F9530530003A500 /* MobileMomentumChartCard.swift */ = {isa = PBXFileReference; lastKnownFileType = sourcecode.swift; path = MobileMomentumChartCard.swift; sourceTree = "<group>"; };
		C5FD83AD2F95336D0003A500 /* MobileInspirationWallView.swift */ = {isa = PBXFileReference; lastKnownFileType = sourcecode.swift; path = MobileInspirationWallView.swift; sourceTree = "<group>"; };
		C5FD83BA2F9535C80003A500 /* MobileBookDetailView.swift */ = {isa = PBXFileReference; lastKnownFileType = sourcecode.swift; path = MobileBookDetailView.swift; sourceTree = "<group>"; };
		C5FD83BC2F9535DD0003A500 /* MobileBookDetailComponents.swift */ = {isa = PBXFileReference; lastKnownFileType = sourcecode.swift; path = MobileBookDetailComponents.swift; sourceTree = "<group>"; };
		C5FD83BE2F9535FA0003A500 /* MobileExcerptsAndNotesList.swift */ = {isa = PBXFileReference; lastKnownFileType = sourcecode.swift; path = MobileExcerptsAndNotesList.swift; sourceTree = "<group>"; };
		C5FD83C02F9536B50003A500 /* MobileArchiveHostView.swift */ = {isa = PBXFileReference; lastKnownFileType = sourcecode.swift; path = MobileArchiveHostView.swift; sourceTree = "<group>"; };
		C6A100012FA80000006D5686 /* Book.swift */ = {isa = PBXFileReference; lastKnownFileType = sourcecode.swift; path = Book.swift; sourceTree = "<group>"; };
		C6A100042FA80000006D5686 /* ReadingSession.swift */ = {isa = PBXFileReference; lastKnownFileType = sourcecode.swift; path = ReadingSession.swift; sourceTree = "<group>"; };
		C6A100072FA80000006D5686 /* Excerpt.swift */ = {isa = PBXFileReference; lastKnownFileType = sourcecode.swift; path = Excerpt.swift; sourceTree = "<group>"; };
		C6A1000A2FA80000006D5686 /* UserConfig.swift */ = {isa = PBXFileReference; lastKnownFileType = sourcecode.swift; path = UserConfig.swift; sourceTree = "<group>"; };
		C6A100102FA80000006D5686 /* ReadingEnums.swift */ = {isa = PBXFileReference; lastKnownFileType = sourcecode.swift; path = ReadingEnums.swift; sourceTree = "<group>"; };
		C6A101012FA80000006D5686 /* ReadingDateHelper.swift */ = {isa = PBXFileReference; lastKnownFileType = sourcecode.swift; path = ReadingDateHelper.swift; sourceTree = "<group>"; };
		C6A101032FA80000006D5686 /* ReadingStatsCalculator.swift */ = {isa = PBXFileReference; lastKnownFileType = sourcecode.swift; path = ReadingStatsCalculator.swift; sourceTree = "<group>"; };
		C6A101052FA80000006D5686 /* ReadingValidation.swift */ = {isa = PBXFileReference; lastKnownFileType = sourcecode.swift; path = ReadingValidation.swift; sourceTree = "<group>"; };
		C6A102012FA80000006D5686 /* AppColors.swift */ = {isa = PBXFileReference; lastKnownFileType = sourcecode.swift; path = AppColors.swift; sourceTree = "<group>"; };
		C6A102032FA80000006D5686 /* AppTypography.swift */ = {isa = PBXFileReference; lastKnownFileType = sourcecode.swift; path = AppTypography.swift; sourceTree = "<group>"; };
		C6A102052FA80000006D5686 /* AppSpacing.swift */ = {isa = PBXFileReference; lastKnownFileType = sourcecode.swift; path = AppSpacing.swift; sourceTree = "<group>"; };
		C6A102072FA80000006D5686 /* AppRadius.swift */ = {isa = PBXFileReference; lastKnownFileType = sourcecode.swift; path = AppRadius.swift; sourceTree = "<group>"; };
		C6A102092FA80000006D5686 /* AppShadows.swift */ = {isa = PBXFileReference; lastKnownFileType = sourcecode.swift; path = AppShadows.swift; sourceTree = "<group>"; };
		C6A1020B2FA80000006D5686 /* AppMaterials.swift */ = {isa = PBXFileReference; lastKnownFileType = sourcecode.swift; path = AppMaterials.swift; sourceTree = "<group>"; };
		C6A1020D2FA80000006D5686 /* AppComponentSizes.swift */ = {isa = PBXFileReference; lastKnownFileType = sourcecode.swift; path = AppComponentSizes.swift; sourceTree = "<group>"; };
		C6A103012FA80000006D5686 /* StatusBadgeView.swift */ = {isa = PBXFileReference; lastKnownFileType = sourcecode.swift; path = StatusBadgeView.swift; sourceTree = "<group>"; };
		C6A103032FA80000006D5686 /* ProgressBarView.swift */ = {isa = PBXFileReference; lastKnownFileType = sourcecode.swift; path = ProgressBarView.swift; sourceTree = "<group>"; };
		C6A103052FA80000006D5686 /* EmptyStateView.swift */ = {isa = PBXFileReference; lastKnownFileType = sourcecode.swift; path = EmptyStateView.swift; sourceTree = "<group>"; };
		C6A105012FA80000006D5686 /* ReadingProgressDraft.swift */ = {isa = PBXFileReference; lastKnownFileType = sourcecode.swift; path = ReadingProgressDraft.swift; sourceTree = "<group>"; };
		C6A105032FA80000006D5686 /* ReadingProgressInputView.swift */ = {isa = PBXFileReference; lastKnownFileType = sourcecode.swift; path = ReadingProgressInputView.swift; sourceTree = "<group>"; };
		C6A105052FA80000006D5686 /* ReadingTimerStore.swift */ = {isa = PBXFileReference; lastKnownFileType = sourcecode.swift; path = ReadingTimerStore.swift; sourceTree = "<group>"; };
/* End PBXFileReference section */

/* Begin PBXFileSystemSynchronizedBuildFileExceptionSet section */
		C54819682F9FAEA0006D5686 /* Exceptions for "Library" folder in "LibraryWidgetsExtension" target */ = {
			isa = PBXFileSystemSynchronizedBuildFileExceptionSet;
			membershipExceptions = (
				Assets.xcassets,
			);
			target = C5FD82D92F90CC1D0003A500 /* LibraryWidgetsExtension */;
		};
		C5FD82182F90C3530003A500 /* Exceptions for "Library" folder in "Library" target */ = {
			isa = PBXFileSystemSynchronizedBuildFileExceptionSet;
			membershipExceptions = (
				Info.plist,
			);
			target = C5FD820A2F90C3530003A500 /* Library */;
		};
		C5FD82EE2F90CC1D0003A500 /* Exceptions for "LibraryWidgets" folder in "LibraryWidgetsExtension" target */ = {
			isa = PBXFileSystemSynchronizedBuildFileExceptionSet;
			membershipExceptions = (
				Info.plist,
			);
			target = C5FD82D92F90CC1D0003A500 /* LibraryWidgetsExtension */;
		};
/* End PBXFileSystemSynchronizedBuildFileExceptionSet section */

/* Begin PBXFileSystemSynchronizedRootGroup section */
		C5FD820D2F90C3530003A500 /* Library */ = {
			isa = PBXFileSystemSynchronizedRootGroup;
			exceptions = (
				C5FD82182F90C3530003A500 /* Exceptions for "Library" folder in "Library" target */,
				C54819682F9FAEA0006D5686 /* Exceptions for "Library" folder in "LibraryWidgetsExtension" target */,
			);
			path = Library;
			sourceTree = "<group>";
		};
		C5FD82E02F90CC1D0003A500 /* LibraryWidgets */ = {
			isa = PBXFileSystemSynchronizedRootGroup;
			exceptions = (
				C5FD82EE2F90CC1D0003A500 /* Exceptions for "LibraryWidgets" folder in "LibraryWidgetsExtension" target */,
			);
			path = LibraryWidgets;
			sourceTree = "<group>";
		};
/* End PBXFileSystemSynchronizedRootGroup section */

/* Begin PBXFrameworksBuildPhase section */
		C5FD82082F90C3530003A500 /* Frameworks */ = {
			isa = PBXFrameworksBuildPhase;
			buildActionMask = 2147483647;
			files = (
			);
			runOnlyForDeploymentPostprocessing = 0;
		};
		C5FD82D72F90CC1D0003A500 /* Frameworks */ = {
			isa = PBXFrameworksBuildPhase;
			buildActionMask = 2147483647;
			files = (
				C5FD82DF2F90CC1D0003A500 /* SwiftUI.framework in Frameworks */,
				C5FD82DD2F90CC1D0003A500 /* WidgetKit.framework in Frameworks */,
			);
			runOnlyForDeploymentPostprocessing = 0;
		};
/* End PBXFrameworksBuildPhase section */

/* Begin PBXGroup section */
		C54818F92F9A6193006D5686 /* Shared */ = {
			isa = PBXGroup;
			children = (
				C54818FC2F9A64F8006D5686 /* UIComponents */,
				C5FD82A72F90C5570003A500 /* Sheets */,
				C5481A032FA86010006D5686 /* Search */,
				C548190B2F9C44EA006D5686 /* BookMetadataSearchManager.swift */,
				C54819112F9C52C3006D5686 /* BookMetadataSearchComponents.swift */,
				C54819882FA19CA7006D5686 /* TopToastManager.swift */,
			);
			path = Shared;
			sourceTree = "<group>";
		};
		C54818FC2F9A64F8006D5686 /* UIComponents */ = {
			isa = PBXGroup;
			children = (
				C54818FD2F9A66D4006D5686 /* Buttons.swift */,
				C54818FF2F9A7190006D5686 /* Animations.swift */,
				C54819842FA0E765006D5686 /* LiquidGlassButton.swift */,
			);
			path = UIComponents;
			sourceTree = "<group>";
		};
		C54819262F9F3849006D5686 /* Goals */ = {
			isa = PBXGroup;
			children = (
				C54819272F9F385D006D5686 /* GoalSettingsView.swift */,
			);
			path = Goals;
			sourceTree = "<group>";
		};
		C548192C2F9F389F006D5686 /* Data */ = {
			isa = PBXGroup;
			children = (
				C548192D2F9F38AC006D5686 /* DataSettingsView.swift */,
			);
			path = Data;
			sourceTree = "<group>";
		};
		C548192F2F9F38BC006D5686 /* About */ = {
			isa = PBXGroup;
			children = (
				C54819302F9F38C6006D5686 /* AboutSettingsView.swift */,
			);
			path = About;
			sourceTree = "<group>";
		};
		C54819C22FA3402F006D5686 /* Shared */ = {
			isa = PBXGroup;
			children = (
				C54819C32FA34045006D5686 /* MobileUIComponents */,
				C5FD82BC2F90C5C10003A500 /* sheets */,
			);
			path = Shared;
			sourceTree = "<group>";
		};
		C54819C32FA34045006D5686 /* MobileUIComponents */ = {
			isa = PBXGroup;
			children = (
				C54819C42FA34065006D5686 /* MobileButtons.swift */,
			);
			path = MobileUIComponents;
			sourceTree = "<group>";
		};
		C54819C82FA39EDB006D5686 /* MobileVerse */ = {
			isa = PBXGroup;
			children = (
			);
			path = MobileVerse;
			sourceTree = "<group>";
		};
		C5481A032FA86010006D5686 /* Search */ = {
			isa = PBXGroup;
			children = (
				C5481A012FA86010006D5686 /* BookMetadataSpotlightSearchView.swift */,
			);
			path = Search;
			sourceTree = "<group>";
		};
		C5FD82022F90C3530003A500 = {
			isa = PBXGroup;
			children = (
				C5FD82FD2F90D72A0003A500 /* LibraryWidgetsExtension.entitlements */,
				C5FD82242F90C3DA0003A500 /* iOS */,
				C5FD82232F90C3C60003A500 /* macOS */,
				C5FD821E2F90C3730003A500 /* Shared */,
				C5FD820D2F90C3530003A500 /* Library */,
				C5FD82E02F90CC1D0003A500 /* LibraryWidgets */,
				C5FD82DB2F90CC1D0003A500 /* Frameworks */,
				C5FD820C2F90C3530003A500 /* Products */,
			);
			sourceTree = "<group>";
		};
		C5FD820C2F90C3530003A500 /* Products */ = {
			isa = PBXGroup;
			children = (
				C5FD820B2F90C3530003A500 /* Library.app */,
				C5FD82DA2F90CC1D0003A500 /* LibraryWidgetsExtension.appex */,
			);
			name = Products;
			sourceTree = "<group>";
		};
		C5FD821E2F90C3730003A500 /* Shared */ = {
			isa = PBXGroup;
			children = (
				C6A104012FA80000006D5686 /* Foundation */,
				C6A104022FA80000006D5686 /* Design */,
				C6A104032FA80000006D5686 /* Components */,
				C5FD831D2F934BD20003A500 /* CommonUI */,
				C5FD821F2F90C3820003A500 /* Models */,
				C5FD82202F90C3990003A500 /* Database */,
				C54819012F9B67EC006D5686 /* AppConstants.swift */,
				C54819032F9B684C006D5686 /* AppFormatters.swift */,
				C54819072F9B775B006D5686 /* VisualEngines.swift */,
			);
			path = Shared;
			sourceTree = "<group>";
		};
		C5FD821F2F90C3820003A500 /* Models */ = {
			isa = PBXGroup;
			children = (
				C6A100012FA80000006D5686 /* Book.swift */,
				C6A100042FA80000006D5686 /* ReadingSession.swift */,
				C6A100072FA80000006D5686 /* Excerpt.swift */,
				C6A1000A2FA80000006D5686 /* UserConfig.swift */,
				C6A100102FA80000006D5686 /* ReadingEnums.swift */,
			);
			path = Models;
			sourceTree = "<group>";
		};
		C5FD82202F90C3990003A500 /* Database */ = {
			isa = PBXGroup;
			children = (
				C5FD82882F90C4BB0003A500 /* ImageCacheManager.swift */,
				C5FD828A2F90C4BB0003A500 /* SharedDatabase.swift */,
				C54818F02F97C47F006D5686 /* ReadingDataPoints.swift */,
				C54819822FA09BEC006D5686 /* ReadingDataService.swift */,
			);
			path = Database;
			sourceTree = "<group>";
		};
		C5FD82232F90C3C60003A500 /* macOS */ = {
			isa = PBXGroup;
			children = (
				C54818F92F9A6193006D5686 /* Shared */,
				C5FD837F2F9519850003A500 /* BookDetail */,
				C5FD837C2F9518C50003A500 /* MonthlyRecord */,
				C5FD83792F9518340003A500 /* YearlyTimeline */,
				C5FD83702F9516EF0003A500 /* InspirationWall */,
				C5FD83642F9515110003A500 /* Gallery */,
				C5FD834B2F9512FE0003A500 /* Home */,
				C5FD82C32F90C6000003A500 /* Settings */,
				C5FD82D42F90C9370003A500 /* ContentView.swift */,
			);
			path = macOS;
			sourceTree = "<group>";
		};
		C5FD82242F90C3DA0003A500 /* iOS */ = {
			isa = PBXGroup;
			children = (
				C54819C22FA3402F006D5686 /* Shared */,
				C5FD83C52F95371E0003A500 /* MobileArchiveHost */,
				C5FD83C42F9536FE0003A500 /* MobileSettings */,
				C5FD83B92F9535BE0003A500 /* MobileBookDetail */,
				C5FD83B72F9535080003A500 /* MobileGallery */,
				C5FD83972F952F730003A500 /* MobileHome */,
				C54819C82FA39EDB006D5686 /* MobileVerse */,
				C5FD83AA2F95334C0003A500 /* MobileInspirationWall */,
				C5FD82B42F90C5A70003A500 /* MobileContentView.swift */,
			);
			path = iOS;
			sourceTree = "<group>";
		};
		C5FD82A72F90C5570003A500 /* Sheets */ = {
			isa = PBXGroup;
			children = (
				C5FD82A82F90C5640003A500 /* ContentEditorSheet.swift */,
				C5FD82A92F90C5640003A500 /* BookEditorSheet.swift */,
				C548191D2F9DABBE006D5686 /* SnippetEditorSheet.swift */,
			);
			path = Sheets;
			sourceTree = "<group>";
		};
		C5FD82BC2F90C5C10003A500 /* sheets */ = {
			isa = PBXGroup;
			children = (
				C5FD82BD2F90C5CB0003A500 /* MobileAddExcerptSheet.swift */,
				C5FD82BE2F90C5CB0003A500 /* MobileBookEditorSheet.swift */,
				C54819CB2FA3A3BF006D5686 /* MobileSnippetEditorSheet.swift */,
			);
			path = sheets;
			sourceTree = "<group>";
		};
		C5FD82C32F90C6000003A500 /* Settings */ = {
			isa = PBXGroup;
			children = (
				C548192F2F9F38BC006D5686 /* About */,
				C548192C2F9F389F006D5686 /* Data */,
				C54819262F9F3849006D5686 /* Goals */,
				C5FD838A2F9527FB0003A500 /* General */,
				C5FD82C92F90C6150003A500 /* SettingsComponents.swift */,
				C5FD82CA2F90C6150003A500 /* SettingsView.swift */,
			);
			path = Settings;
			sourceTree = "<group>";
		};
		C5FD82DB2F90CC1D0003A500 /* Frameworks */ = {
			isa = PBXGroup;
			children = (
				C5FD82DC2F90CC1D0003A500 /* WidgetKit.framework */,
				C5FD82DE2F90CC1D0003A500 /* SwiftUI.framework */,
			);
			name = Frameworks;
			sourceTree = "<group>";
		};
		C5FD831D2F934BD20003A500 /* CommonUI */ = {
			isa = PBXGroup;
			children = (
				C5FD83212F934C250003A500 /* AmbientGlowBackground.swift */,
				C5FD83222F934C250003A500 /* Background.swift */,
				C5FD83232F934C250003A500 /* ConfettiView.swift */,
				C5FD83252F934C250003A500 /* NativeWidgetGroupBoxStyle.swift */,
			);
			path = CommonUI;
			sourceTree = "<group>";
		};
		C5FD834B2F9512FE0003A500 /* Home */ = {
			isa = PBXGroup;
			children = (
				C5FD834C2F9513080003A500 /* ReadingHero.swift */,
				C5FD83522F9513340003A500 /* MomentumChart.swift */,
				C5FD83552F95134E0003A500 /* HeatmapRibbon.swift */,
				C5FD83582F95135F0003A500 /* ResonanceWave.swift */,
				C5FD835B2F9513770003A500 /* QueueBookshelf.swift */,
				C5FD835E2F9513870003A500 /* KnowledgeSpectrum.swift */,
				C5FD83612F9513B80003A500 /* HomeView.swift */,
			);
			path = Home;
			sourceTree = "<group>";
		};
		C5FD83642F9515110003A500 /* Gallery */ = {
			isa = PBXGroup;
			children = (
				C5FD83652F95152A0003A500 /* BookCard.swift */,
				C5FD83672F9515500003A500 /* MiniInventoryBar.swift */,
				C5FD83692F95156D0003A500 /* GalleryView.swift */,
			);
			path = Gallery;
			sourceTree = "<group>";
		};
		C5FD83702F9516EF0003A500 /* InspirationWall */ = {
			isa = PBXGroup;
			children = (
				C5FD83752F9517330003A500 /* InspirationWallView.swift */,
				C5FD83772F95174A0003A500 /* SnippetCardView.swift */,
			);
			path = InspirationWall;
			sourceTree = "<group>";
		};
		C5FD83792F9518340003A500 /* YearlyTimeline */ = {
			isa = PBXGroup;
			children = (
				C5FD837A2F9518440003A500 /* YearlyTimelineView.swift */,
			);
			path = YearlyTimeline;
			sourceTree = "<group>";
		};
		C5FD837C2F9518C50003A500 /* MonthlyRecord */ = {
			isa = PBXGroup;
			children = (
				C5FD837D2F9518D50003A500 /* MonthlyRecordView.swift */,
			);
			path = MonthlyRecord;
			sourceTree = "<group>";
		};
		C5FD837F2F9519850003A500 /* BookDetail */ = {
			isa = PBXGroup;
			children = (
				C5FD83802F9519930003A500 /* BookDetailView.swift */,
				C5FD83822F9519B60003A500 /* BookDossier.swift */,
				C5FD83872F9519EB0003A500 /* BookExcerpts.swift */,
			);
			path = BookDetail;
			sourceTree = "<group>";
		};
		C5FD838A2F9527FB0003A500 /* General */ = {
			isa = PBXGroup;
			children = (
				C5FD82C82F90C6150003A500 /* GeneralSettingsView.swift */,
			);
			path = General;
			sourceTree = "<group>";
		};
		C5FD83972F952F730003A500 /* MobileHome */ = {
			isa = PBXGroup;
			children = (
				C5FD83982F952F7C0003A500 /* MobileHomeView.swift */,
				C5FD839A2F952F930003A500 /* MobileReadingHeroCard.swift */,
				C5FD839E2F952FC30003A500 /* MobileDashboardCard.swift */,
				C5FD83A22F952FFE0003A500 /* MobileQueueCarouselCard.swift */,
				C5FD83A42F9530090003A500 /* MobileYearlyHeatmapCard.swift */,
				C5FD83A62F9530240003A500 /* MobileKnowledgeSpectrumCard.swift */,
				C5FD83A82F9530530003A500 /* MobileMomentumChartCard.swift */,
			);
			path = MobileHome;
			sourceTree = "<group>";
		};
		C5FD83AA2F95334C0003A500 /* MobileInspirationWall */ = {
			isa = PBXGroup;
			children = (
				C5FD83AD2F95336D0003A500 /* MobileInspirationWallView.swift */,
			);
			path = MobileInspirationWall;
			sourceTree = "<group>";
		};
		C5FD83B12F95347A0003A500 /* MobileMonthlyRecord */ = {
			isa = PBXGroup;
			children = (
				C5FD82B82F90C5B70003A500 /* MobileMonthlyRecordView.swift */,
			);
			path = MobileMonthlyRecord;
			sourceTree = "<group>";
		};
		C5FD83B42F9534C30003A500 /* MobileYearlyTimeline */ = {
			isa = PBXGroup;
			children = (
				C5FD82B92F90C5B70003A500 /* MobileYearlyTimelineView.swift */,
			);
			path = MobileYearlyTimeline;
			sourceTree = "<group>";
		};
		C5FD83B72F9535080003A500 /* MobileGallery */ = {
			isa = PBXGroup;
			children = (
				C5FD82AD2F90C59F0003A500 /* MobileGalleryView.swift */,
			);
			path = MobileGallery;
			sourceTree = "<group>";
		};
		C5FD83B92F9535BE0003A500 /* MobileBookDetail */ = {
			isa = PBXGroup;
			children = (
				C5FD83BA2F9535C80003A500 /* MobileBookDetailView.swift */,
				C5FD83BC2F9535DD0003A500 /* MobileBookDetailComponents.swift */,
				C5FD83BE2F9535FA0003A500 /* MobileExcerptsAndNotesList.swift */,
			);
			path = MobileBookDetail;
			sourceTree = "<group>";
		};
		C5FD83C42F9536FE0003A500 /* MobileSettings */ = {
			isa = PBXGroup;
			children = (
				C5FD82B62F90C5AD0003A500 /* MobileSettingsView.swift */,
				C54819C62FA37817006D5686 /* MobileDataSettingsView.swift */,
			);
			path = MobileSettings;
			sourceTree = "<group>";
		};
		C5FD83C52F95371E0003A500 /* MobileArchiveHost */ = {
			isa = PBXGroup;
			children = (
				C5FD83C02F9536B50003A500 /* MobileArchiveHostView.swift */,
				C5FD83B42F9534C30003A500 /* MobileYearlyTimeline */,
				C5FD83B12F95347A0003A500 /* MobileMonthlyRecord */,
			);
			path = MobileArchiveHost;
			sourceTree = "<group>";
		};
		C6A104012FA80000006D5686 /* Foundation */ = {
			isa = PBXGroup;
			children = (
				C54819052F9B6875006D5686 /* AppNotifications.swift */,
				C6A101012FA80000006D5686 /* ReadingDateHelper.swift */,
				C6A101032FA80000006D5686 /* ReadingStatsCalculator.swift */,
				C6A101052FA80000006D5686 /* ReadingValidation.swift */,
				C6A105012FA80000006D5686 /* ReadingProgressDraft.swift */,
				C6A105052FA80000006D5686 /* ReadingTimerStore.swift */,
			);
			path = Foundation;
			sourceTree = "<group>";
		};
		C6A104022FA80000006D5686 /* Design */ = {
			isa = PBXGroup;
			children = (
				C6A102012FA80000006D5686 /* AppColors.swift */,
				C6A102032FA80000006D5686 /* AppTypography.swift */,
				C6A102052FA80000006D5686 /* AppSpacing.swift */,
				C6A102072FA80000006D5686 /* AppRadius.swift */,
				C6A102092FA80000006D5686 /* AppShadows.swift */,
				C6A1020B2FA80000006D5686 /* AppMaterials.swift */,
				C6A1020D2FA80000006D5686 /* AppComponentSizes.swift */,
			);
			path = Design;
			sourceTree = "<group>";
		};
		C6A104032FA80000006D5686 /* Components */ = {
			isa = PBXGroup;
			children = (
				C5FD83242F934C250003A500 /* BookCoverView.swift */,
				C6A103012FA80000006D5686 /* StatusBadgeView.swift */,
				C6A103032FA80000006D5686 /* ProgressBarView.swift */,
				C6A103052FA80000006D5686 /* EmptyStateView.swift */,
				C6A105032FA80000006D5686 /* ReadingProgressInputView.swift */,
			);
			path = Components;
			sourceTree = "<group>";
		};
/* End PBXGroup section */

/* Begin PBXNativeTarget section */
		C5FD820A2F90C3530003A500 /* Library */ = {
			isa = PBXNativeTarget;
			buildConfigurationList = C5FD82192F90C3530003A500 /* Build configuration list for PBXNativeTarget "Library" */;
			buildPhases = (
				C5FD82072F90C3530003A500 /* Sources */,
				C5FD82082F90C3530003A500 /* Frameworks */,
				C5FD82092F90C3530003A500 /* Resources */,
				C5FD82EF2F90CC1D0003A500 /* Embed Foundation Extensions */,
			);
			buildRules = (
			);
			dependencies = (
				C5FD82E92F90CC1D0003A500 /* PBXTargetDependency */,
			);
			fileSystemSynchronizedGroups = (
				C5FD820D2F90C3530003A500 /* Library */,
			);
			name = Library;
			packageProductDependencies = (
			);
			productName = Library;
			productReference = C5FD820B2F90C3530003A500 /* Library.app */;
			productType = "com.apple.product-type.application";
		};
		C5FD82D92F90CC1D0003A500 /* LibraryWidgetsExtension */ = {
			isa = PBXNativeTarget;
			buildConfigurationList = C5FD82EB2F90CC1D0003A500 /* Build configuration list for PBXNativeTarget "LibraryWidgetsExtension" */;
			buildPhases = (
				C5FD82D62F90CC1D0003A500 /* Sources */,
				C5FD82D72F90CC1D0003A500 /* Frameworks */,
				C5FD82D82F90CC1D0003A500 /* Resources */,
			);
			buildRules = (
			);
			dependencies = (
			);
			fileSystemSynchronizedGroups = (
				C5FD82E02F90CC1D0003A500 /* LibraryWidgets */,
			);
			name = LibraryWidgetsExtension;
			packageProductDependencies = (
			);
			productName = LibraryWidgetsExtension;
			productReference = C5FD82DA2F90CC1D0003A500 /* LibraryWidgetsExtension.appex */;
			productType = "com.apple.product-type.app-extension";
		};
/* End PBXNativeTarget section */

/* Begin PBXProject section */
		C5FD82032F90C3530003A500 /* Project object */ = {
			isa = PBXProject;
			attributes = {
				BuildIndependentTargetsInParallel = 1;
				LastSwiftUpdateCheck = 2640;
				LastUpgradeCheck = 2650;
				TargetAttributes = {
					C5FD820A2F90C3530003A500 = {
						CreatedOnToolsVersion = 26.4;
					};
					C5FD82D92F90CC1D0003A500 = {
						CreatedOnToolsVersion = 26.4;
					};
				};
			};
			buildConfigurationList = C5FD82062F90C3530003A500 /* Build configuration list for PBXProject "Library" */;
			developmentRegion = en;
			hasScannedForEncodings = 0;
			knownRegions = (
				en,
				Base,
			);
			mainGroup = C5FD82022F90C3530003A500;
			minimizedProjectReferenceProxies = 1;
			packageReferences = (
				C54819212F9E0B3B006D5686 /* XCLocalSwiftPackageReference "SwiftSoup-master" */,
			);
			preferredProjectObjectVersion = 77;
			productRefGroup = C5FD820C2F90C3530003A500 /* Products */;
			projectDirPath = "";
			projectRoot = "";
			targets = (
				C5FD820A2F90C3530003A500 /* Library */,
				C5FD82D92F90CC1D0003A500 /* LibraryWidgetsExtension */,
			);
		};
/* End PBXProject section */

/* Begin PBXResourcesBuildPhase section */
		C5FD82092F90C3530003A500 /* Resources */ = {
			isa = PBXResourcesBuildPhase;
			buildActionMask = 2147483647;
			files = (
			);
			runOnlyForDeploymentPostprocessing = 0;
		};
		C5FD82D82F90CC1D0003A500 /* Resources */ = {
			isa = PBXResourcesBuildPhase;
			buildActionMask = 2147483647;
			files = (
			);
			runOnlyForDeploymentPostprocessing = 0;
		};
/* End PBXResourcesBuildPhase section */

/* Begin PBXSourcesBuildPhase section */
		C5FD82072F90C3530003A500 /* Sources */ = {
			isa = PBXSourcesBuildPhase;
			buildActionMask = 2147483647;
			files = (
				C54818F12F97C47F006D5686 /* ReadingDataPoints.swift in Sources */,
				C54819002F9A7190006D5686 /* Animations.swift in Sources */,
				C5FD83AE2F95336D0003A500 /* MobileInspirationWallView.swift in Sources */,
				C5FD83BB2F9535C80003A500 /* MobileBookDetailView.swift in Sources */,
				C5FD83A72F9530240003A500 /* MobileKnowledgeSpectrumCard.swift in Sources */,
				C54819312F9F38C6006D5686 /* AboutSettingsView.swift in Sources */,
				C5FD837E2F9518D50003A500 /* MonthlyRecordView.swift in Sources */,
				C54819062F9B6875006D5686 /* AppNotifications.swift in Sources */,
				C54819082F9B775B006D5686 /* VisualEngines.swift in Sources */,
				C5FD82CC2F90C6150003A500 /* SettingsComponents.swift in Sources */,
				C5FD83882F9519EB0003A500 /* BookExcerpts.swift in Sources */,
				C5FD839B2F952F930003A500 /* MobileReadingHeroCard.swift in Sources */,
				C5FD83BD2F9535DD0003A500 /* MobileBookDetailComponents.swift in Sources */,
				C54819042F9B684C006D5686 /* AppFormatters.swift in Sources */,
				C5FD83A92F9530530003A500 /* MobileMomentumChartCard.swift in Sources */,
				C5FD83812F9519930003A500 /* BookDetailView.swift in Sources */,
				C5FD83BF2F9535FA0003A500 /* MobileExcerptsAndNotesList.swift in Sources */,
				C5FD82CF2F90C6150003A500 /* GeneralSettingsView.swift in Sources */,
				C54819892FA19CA7006D5686 /* TopToastManager.swift in Sources */,
				C548191E2F9DABBE006D5686 /* SnippetEditorSheet.swift in Sources */,
				C5FD82D12F90C6150003A500 /* SettingsView.swift in Sources */,
				C5FD83262F934C250003A500 /* NativeWidgetGroupBoxStyle.swift in Sources */,
				C5FD83272F934C250003A500 /* AmbientGlowBackground.swift in Sources */,
				C5FD83762F9517330003A500 /* InspirationWallView.swift in Sources */,
				C5FD83282F934C250003A500 /* BookCoverView.swift in Sources */,
				C5FD83292F934C250003A500 /* Background.swift in Sources */,
				C5FD832A2F934C250003A500 /* ConfettiView.swift in Sources */,
				C5FD82B52F90C5A70003A500 /* MobileContentView.swift in Sources */,
				C54819022F9B67EC006D5686 /* AppConstants.swift in Sources */,
				C6A100022FA80000006D5686 /* Book.swift in Sources */,
				C6A100052FA80000006D5686 /* ReadingSession.swift in Sources */,
				C6A100082FA80000006D5686 /* Excerpt.swift in Sources */,
				C6A1000B2FA80000006D5686 /* UserConfig.swift in Sources */,
				C6A100112FA80000006D5686 /* ReadingEnums.swift in Sources */,
				C6A101022FA80000006D5686 /* ReadingDateHelper.swift in Sources */,
				C6A101042FA80000006D5686 /* ReadingStatsCalculator.swift in Sources */,
				C6A101062FA80000006D5686 /* ReadingValidation.swift in Sources */,
				C6A105022FA80000006D5686 /* ReadingProgressDraft.swift in Sources */,
				C6A105062FA80000006D5686 /* ReadingTimerStore.swift in Sources */,
				C6A102022FA80000006D5686 /* AppColors.swift in Sources */,
				C6A102042FA80000006D5686 /* AppTypography.swift in Sources */,
				C6A102062FA80000006D5686 /* AppSpacing.swift in Sources */,
				C6A102082FA80000006D5686 /* AppRadius.swift in Sources */,
				C6A1020A2FA80000006D5686 /* AppShadows.swift in Sources */,
				C6A1020C2FA80000006D5686 /* AppMaterials.swift in Sources */,
				C6A1020E2FA80000006D5686 /* AppComponentSizes.swift in Sources */,
				C6A103022FA80000006D5686 /* StatusBadgeView.swift in Sources */,
				C6A103042FA80000006D5686 /* ProgressBarView.swift in Sources */,
				C6A103062FA80000006D5686 /* EmptyStateView.swift in Sources */,
				C6A105042FA80000006D5686 /* ReadingProgressInputView.swift in Sources */,
				C5FD828C2F90C4BB0003A500 /* SharedDatabase.swift in Sources */,
				C54819CC2FA3A3BF006D5686 /* MobileSnippetEditorSheet.swift in Sources */,
				C5FD82BF2F90C5CB0003A500 /* MobileBookEditorSheet.swift in Sources */,
				C5FD83662F95152A0003A500 /* BookCard.swift in Sources */,
				C5FD82C02F90C5CB0003A500 /* MobileAddExcerptSheet.swift in Sources */,
				C5FD836A2F95156D0003A500 /* GalleryView.swift in Sources */,
				C5FD839F2F952FC40003A500 /* MobileDashboardCard.swift in Sources */,
				C54818FE2F9A66D4006D5686 /* Buttons.swift in Sources */,
				C5FD82B72F90C5AD0003A500 /* MobileSettingsView.swift in Sources */,
				C5FD835C2F9513770003A500 /* QueueBookshelf.swift in Sources */,
				C5FD83682F9515500003A500 /* MiniInventoryBar.swift in Sources */,
				C5FD83592F95135F0003A500 /* ResonanceWave.swift in Sources */,
				C5FD837B2F9518440003A500 /* YearlyTimelineView.swift in Sources */,
				C5FD83632F9513B80003A500 /* HomeView.swift in Sources */,
				C5FD82912F90C4BB0003A500 /* ImageCacheManager.swift in Sources */,
				C5FD83782F95174A0003A500 /* SnippetCardView.swift in Sources */,
				C5FD83A52F9530090003A500 /* MobileYearlyHeatmapCard.swift in Sources */,
				C5FD83992F952F7C0003A500 /* MobileHomeView.swift in Sources */,
				C5FD83572F95134E0003A500 /* HeatmapRibbon.swift in Sources */,
				C5FD82AA2F90C5640003A500 /* BookEditorSheet.swift in Sources */,
				C5FD82AB2F90C5640003A500 /* ContentEditorSheet.swift in Sources */,
				C5FD83A32F952FFE0003A500 /* MobileQueueCarouselCard.swift in Sources */,
				C5FD83532F9513340003A500 /* MomentumChart.swift in Sources */,
				C54819122F9C52C3006D5686 /* BookMetadataSearchComponents.swift in Sources */,
				C5481A022FA86010006D5686 /* BookMetadataSpotlightSearchView.swift in Sources */,
				C5FD82BA2F90C5B70003A500 /* MobileYearlyTimelineView.swift in Sources */,
				C5FD82D52F90C9370003A500 /* ContentView.swift in Sources */,
				C5FD834D2F9513080003A500 /* ReadingHero.swift in Sources */,
				C54819C52FA34065006D5686 /* MobileButtons.swift in Sources */,
				C5FD82BB2F90C5B70003A500 /* MobileMonthlyRecordView.swift in Sources */,
				C54819832FA09BEC006D5686 /* ReadingDataService.swift in Sources */,
				C54819282F9F385D006D5686 /* GoalSettingsView.swift in Sources */,
				C5FD83C12F9536B50003A500 /* MobileArchiveHostView.swift in Sources */,
				C548190C2F9C44EA006D5686 /* BookMetadataSearchManager.swift in Sources */,
				C54819852FA0E765006D5686 /* LiquidGlassButton.swift in Sources */,
				C54819C72FA37817006D5686 /* MobileDataSettingsView.swift in Sources */,
				C5FD82B12F90C59F0003A500 /* MobileGalleryView.swift in Sources */,
				C548192E2F9F38AC006D5686 /* DataSettingsView.swift in Sources */,
				C5FD83832F9519B60003A500 /* BookDossier.swift in Sources */,
				C5FD83602F9513870003A500 /* KnowledgeSpectrum.swift in Sources */,
			);
			runOnlyForDeploymentPostprocessing = 0;
		};
		C5FD82D62F90CC1D0003A500 /* Sources */ = {
			isa = PBXSourcesBuildPhase;
			buildActionMask = 2147483647;
			files = (
				C5FD82FC2F90CD2E0003A500 /* Book.swift in Sources */,
				C6A100062FA80000006D5686 /* ReadingSession.swift in Sources */,
				C6A100092FA80000006D5686 /* Excerpt.swift in Sources */,
				C6A1000C2FA80000006D5686 /* UserConfig.swift in Sources */,
				C6A100122FA80000006D5686 /* ReadingEnums.swift in Sources */,
				C54818F22F97C840006D5686 /* ReadingDataPoints.swift in Sources */,
				C5FD82FA2F90CD1F0003A500 /* SharedDatabase.swift in Sources */,
			);
			runOnlyForDeploymentPostprocessing = 0;
		};
/* End PBXSourcesBuildPhase section */

/* Begin PBXTargetDependency section */
		C5FD82E92F90CC1D0003A500 /* PBXTargetDependency */ = {
			isa = PBXTargetDependency;
			target = C5FD82D92F90CC1D0003A500 /* LibraryWidgetsExtension */;
			targetProxy = C5FD82E82F90CC1D0003A500 /* PBXContainerItemProxy */;
		};
/* End PBXTargetDependency section */

/* Begin XCBuildConfiguration section */
		C5FD821A2F90C3530003A500 /* Debug */ = {
			isa = XCBuildConfiguration;
			buildSettings = {
				ASSETCATALOG_COMPILER_APPICON_NAME = AppIcon;
				ASSETCATALOG_COMPILER_GLOBAL_ACCENT_COLOR_NAME = AccentColor;
				ASSETCATALOG_COMPILER_INCLUDE_ALL_APPICON_ASSETS = YES;
				CODE_SIGN_ENTITLEMENTS = Library/Library.entitlements;
				CODE_SIGN_STYLE = Automatic;
				CURRENT_PROJECT_VERSION = 1;
				DEAD_CODE_STRIPPING = YES;
				DEVELOPMENT_TEAM = L8T28YW2UK;
				ENABLE_APP_SANDBOX = YES;
				ENABLE_HARDENED_RUNTIME = YES;
				ENABLE_INCOMING_NETWORK_CONNECTIONS = YES;
				ENABLE_OUTGOING_NETWORK_CONNECTIONS = YES;
				ENABLE_PREVIEWS = YES;
				ENABLE_RESOURCE_ACCESS_AUDIO_INPUT = NO;
				ENABLE_RESOURCE_ACCESS_BLUETOOTH = NO;
				ENABLE_RESOURCE_ACCESS_CALENDARS = NO;
				ENABLE_RESOURCE_ACCESS_CAMERA = NO;
				ENABLE_RESOURCE_ACCESS_CONTACTS = NO;
				ENABLE_RESOURCE_ACCESS_LOCATION = NO;
				ENABLE_RESOURCE_ACCESS_PRINTING = NO;
				ENABLE_RESOURCE_ACCESS_USB = NO;
				ENABLE_USER_SELECTED_FILES = readwrite;
				GENERATE_INFOPLIST_FILE = YES;
				INFOPLIST_FILE = Library/Info.plist;
				INFOPLIST_KEY_LSApplicationCategoryType = "public.app-category.books";
				INFOPLIST_KEY_NSSupportsLiveActivities = YES;
				"INFOPLIST_KEY_UIApplicationSceneManifest_Generation[sdk=iphoneos*]" = YES;
				"INFOPLIST_KEY_UIApplicationSceneManifest_Generation[sdk=iphonesimulator*]" = YES;
				"INFOPLIST_KEY_UIApplicationSupportsIndirectInputEvents[sdk=iphoneos*]" = YES;
				"INFOPLIST_KEY_UIApplicationSupportsIndirectInputEvents[sdk=iphonesimulator*]" = YES;
				"INFOPLIST_KEY_UILaunchScreen_Generation[sdk=iphoneos*]" = YES;
				"INFOPLIST_KEY_UILaunchScreen_Generation[sdk=iphonesimulator*]" = YES;
				"INFOPLIST_KEY_UIStatusBarStyle[sdk=iphoneos*]" = UIStatusBarStyleDefault;
				"INFOPLIST_KEY_UIStatusBarStyle[sdk=iphonesimulator*]" = UIStatusBarStyleDefault;
				INFOPLIST_KEY_UISupportedInterfaceOrientations_iPad = "UIInterfaceOrientationPortrait UIInterfaceOrientationPortraitUpsideDown UIInterfaceOrientationLandscapeLeft UIInterfaceOrientationLandscapeRight";
				INFOPLIST_KEY_UISupportedInterfaceOrientations_iPhone = "UIInterfaceOrientationPortrait UIInterfaceOrientationLandscapeLeft UIInterfaceOrientationLandscapeRight";
				IPHONEOS_DEPLOYMENT_TARGET = 26.4;
				LD_RUNPATH_SEARCH_PATHS = "@executable_path/Frameworks";
				"LD_RUNPATH_SEARCH_PATHS[sdk=macosx*]" = "@executable_path/../Frameworks";
				MACOSX_DEPLOYMENT_TARGET = 26.4;
				MARKETING_VERSION = 1.0;
				PRODUCT_BUNDLE_IDENTIFIER = com.akram.Library;
				PRODUCT_NAME = "$(TARGET_NAME)";
				REGISTER_APP_GROUPS = YES;
				SDKROOT = auto;
				STRING_CATALOG_GENERATE_SYMBOLS = YES;
				SUPPORTED_PLATFORMS = "iphoneos iphonesimulator macosx";
				SUPPORTS_MACCATALYST = NO;
				SWIFT_APPROACHABLE_CONCURRENCY = YES;
				SWIFT_DEFAULT_ACTOR_ISOLATION = MainActor;
				SWIFT_EMIT_LOC_STRINGS = YES;
				SWIFT_UPCOMING_FEATURE_MEMBER_IMPORT_VISIBILITY = YES;
				SWIFT_VERSION = 5.0;
				TARGETED_DEVICE_FAMILY = "1,2";
				XROS_DEPLOYMENT_TARGET = 26.4;
			};
			name = Debug;
		};
		C5FD821B2F90C3530003A500 /* Release */ = {
			isa = XCBuildConfiguration;
			buildSettings = {
				ASSETCATALOG_COMPILER_APPICON_NAME = AppIcon;
				ASSETCATALOG_COMPILER_GLOBAL_ACCENT_COLOR_NAME = AccentColor;
				ASSETCATALOG_COMPILER_INCLUDE_ALL_APPICON_ASSETS = YES;
				CODE_SIGN_ENTITLEMENTS = Library/Library.entitlements;
				CODE_SIGN_STYLE = Automatic;
				CURRENT_PROJECT_VERSION = 1;
				DEAD_CODE_STRIPPING = YES;
				DEVELOPMENT_TEAM = L8T28YW2UK;
				ENABLE_APP_SANDBOX = YES;
				ENABLE_HARDENED_RUNTIME = YES;
				ENABLE_INCOMING_NETWORK_CONNECTIONS = YES;
				ENABLE_OUTGOING_NETWORK_CONNECTIONS = YES;
				ENABLE_PREVIEWS = YES;
				ENABLE_RESOURCE_ACCESS_AUDIO_INPUT = NO;
				ENABLE_RESOURCE_ACCESS_BLUETOOTH = NO;
				ENABLE_RESOURCE_ACCESS_CALENDARS = NO;
				ENABLE_RESOURCE_ACCESS_CAMERA = NO;
				ENABLE_RESOURCE_ACCESS_CONTACTS = NO;
				ENABLE_RESOURCE_ACCESS_LOCATION = NO;
				ENABLE_RESOURCE_ACCESS_PRINTING = NO;
				ENABLE_RESOURCE_ACCESS_USB = NO;
				ENABLE_USER_SELECTED_FILES = readwrite;
				GENERATE_INFOPLIST_FILE = YES;
				INFOPLIST_FILE = Library/Info.plist;
				INFOPLIST_KEY_LSApplicationCategoryType = "public.app-category.books";
				INFOPLIST_KEY_NSSupportsLiveActivities = YES;
				"INFOPLIST_KEY_UIApplicationSceneManifest_Generation[sdk=iphoneos*]" = YES;
				"INFOPLIST_KEY_UIApplicationSceneManifest_Generation[sdk=iphonesimulator*]" = YES;
				"INFOPLIST_KEY_UIApplicationSupportsIndirectInputEvents[sdk=iphoneos*]" = YES;
				"INFOPLIST_KEY_UIApplicationSupportsIndirectInputEvents[sdk=iphonesimulator*]" = YES;
				"INFOPLIST_KEY_UILaunchScreen_Generation[sdk=iphoneos*]" = YES;
				"INFOPLIST_KEY_UILaunchScreen_Generation[sdk=iphonesimulator*]" = YES;
				"INFOPLIST_KEY_UIStatusBarStyle[sdk=iphoneos*]" = UIStatusBarStyleDefault;
				"INFOPLIST_KEY_UIStatusBarStyle[sdk=iphonesimulator*]" = UIStatusBarStyleDefault;
				INFOPLIST_KEY_UISupportedInterfaceOrientations_iPad = "UIInterfaceOrientationPortrait UIInterfaceOrientationPortraitUpsideDown UIInterfaceOrientationLandscapeLeft UIInterfaceOrientationLandscapeRight";
				INFOPLIST_KEY_UISupportedInterfaceOrientations_iPhone = "UIInterfaceOrientationPortrait UIInterfaceOrientationLandscapeLeft UIInterfaceOrientationLandscapeRight";
				IPHONEOS_DEPLOYMENT_TARGET = 26.4;
				LD_RUNPATH_SEARCH_PATHS = "@executable_path/Frameworks";
				"LD_RUNPATH_SEARCH_PATHS[sdk=macosx*]" = "@executable_path/../Frameworks";
				MACOSX_DEPLOYMENT_TARGET = 26.4;
				MARKETING_VERSION = 1.0;
				PRODUCT_BUNDLE_IDENTIFIER = com.akram.Library;
				PRODUCT_NAME = "$(TARGET_NAME)";
				REGISTER_APP_GROUPS = YES;
				SDKROOT = auto;
				STRING_CATALOG_GENERATE_SYMBOLS = YES;
				SUPPORTED_PLATFORMS = "iphoneos iphonesimulator macosx";
				SUPPORTS_MACCATALYST = NO;
				SWIFT_APPROACHABLE_CONCURRENCY = YES;
				SWIFT_DEFAULT_ACTOR_ISOLATION = MainActor;
				SWIFT_EMIT_LOC_STRINGS = YES;
				SWIFT_UPCOMING_FEATURE_MEMBER_IMPORT_VISIBILITY = YES;
				SWIFT_VERSION = 5.0;
				TARGETED_DEVICE_FAMILY = "1,2";
				XROS_DEPLOYMENT_TARGET = 26.4;
			};
			name = Release;
		};
		C5FD821C2F90C3530003A500 /* Debug */ = {
			isa = XCBuildConfiguration;
			buildSettings = {
				ALWAYS_SEARCH_USER_PATHS = NO;
				ASSETCATALOG_COMPILER_GENERATE_SWIFT_ASSET_SYMBOL_EXTENSIONS = YES;
				CLANG_ANALYZER_NONNULL = YES;
				CLANG_ANALYZER_NUMBER_OBJECT_CONVERSION = YES_AGGRESSIVE;
				CLANG_CXX_LANGUAGE_STANDARD = "gnu++20";
				CLANG_ENABLE_MODULES = YES;
				CLANG_ENABLE_OBJC_ARC = YES;
				CLANG_ENABLE_OBJC_WEAK = YES;
				CLANG_WARN_BLOCK_CAPTURE_AUTORELEASING = YES;
				CLANG_WARN_BOOL_CONVERSION = YES;
				CLANG_WARN_COMMA = YES;
				CLANG_WARN_CONSTANT_CONVERSION = YES;
				CLANG_WARN_DEPRECATED_OBJC_IMPLEMENTATIONS = YES;
				CLANG_WARN_DIRECT_OBJC_ISA_USAGE = YES_ERROR;
				CLANG_WARN_DOCUMENTATION_COMMENTS = YES;
				CLANG_WARN_EMPTY_BODY = YES;
				CLANG_WARN_ENUM_CONVERSION = YES;
				CLANG_WARN_INFINITE_RECURSION = YES;
				CLANG_WARN_INT_CONVERSION = YES;
				CLANG_WARN_NON_LITERAL_NULL_CONVERSION = YES;
				CLANG_WARN_OBJC_IMPLICIT_RETAIN_SELF = YES;
				CLANG_WARN_OBJC_LITERAL_CONVERSION = YES;
				CLANG_WARN_OBJC_ROOT_CLASS = YES_ERROR;
				CLANG_WARN_QUOTED_INCLUDE_IN_FRAMEWORK_HEADER = YES;
				CLANG_WARN_RANGE_LOOP_ANALYSIS = YES;
				CLANG_WARN_STRICT_PROTOTYPES = YES;
				CLANG_WARN_SUSPICIOUS_MOVE = YES;
				CLANG_WARN_UNGUARDED_AVAILABILITY = YES_AGGRESSIVE;
				CLANG_WARN_UNREACHABLE_CODE = YES;
				CLANG_WARN__DUPLICATE_METHOD_MATCH = YES;
				COPY_PHASE_STRIP = NO;
				DEAD_CODE_STRIPPING = YES;
				DEBUG_INFORMATION_FORMAT = dwarf;
				DEVELOPMENT_TEAM = L8T28YW2UK;
				ENABLE_STRICT_OBJC_MSGSEND = YES;
				ENABLE_TESTABILITY = YES;
				ENABLE_USER_SCRIPT_SANDBOXING = YES;
				GCC_C_LANGUAGE_STANDARD = gnu17;
				GCC_DYNAMIC_NO_PIC = NO;
				GCC_NO_COMMON_BLOCKS = YES;
				GCC_OPTIMIZATION_LEVEL = 0;
				GCC_PREPROCESSOR_DEFINITIONS = (
					"DEBUG=1",
					"$(inherited)",
				);
				GCC_WARN_64_TO_32_BIT_CONVERSION = YES;
				GCC_WARN_ABOUT_RETURN_TYPE = YES_ERROR;
				GCC_WARN_UNDECLARED_SELECTOR = YES;
				GCC_WARN_UNINITIALIZED_AUTOS = YES_AGGRESSIVE;
				GCC_WARN_UNUSED_FUNCTION = YES;
				GCC_WARN_UNUSED_VARIABLE = YES;
				LOCALIZATION_PREFERS_STRING_CATALOGS = YES;
				MTL_ENABLE_DEBUG_INFO = INCLUDE_SOURCE;
				MTL_FAST_MATH = YES;
				ONLY_ACTIVE_ARCH = YES;
				STRING_CATALOG_GENERATE_SYMBOLS = YES;
				SWIFT_ACTIVE_COMPILATION_CONDITIONS = "DEBUG $(inherited)";
				SWIFT_OPTIMIZATION_LEVEL = "-Onone";
			};
			name = Debug;
		};
		C5FD821D2F90C3530003A500 /* Release */ = {
			isa = XCBuildConfiguration;
			buildSettings = {
				ALWAYS_SEARCH_USER_PATHS = NO;
				ASSETCATALOG_COMPILER_GENERATE_SWIFT_ASSET_SYMBOL_EXTENSIONS = YES;
				CLANG_ANALYZER_NONNULL = YES;
				CLANG_ANALYZER_NUMBER_OBJECT_CONVERSION = YES_AGGRESSIVE;
				CLANG_CXX_LANGUAGE_STANDARD = "gnu++20";
				CLANG_ENABLE_MODULES = YES;
				CLANG_ENABLE_OBJC_ARC = YES;
				CLANG_ENABLE_OBJC_WEAK = YES;
				CLANG_WARN_BLOCK_CAPTURE_AUTORELEASING = YES;
				CLANG_WARN_BOOL_CONVERSION = YES;
				CLANG_WARN_COMMA = YES;
				CLANG_WARN_CONSTANT_CONVERSION = YES;
				CLANG_WARN_DEPRECATED_OBJC_IMPLEMENTATIONS = YES;
				CLANG_WARN_DIRECT_OBJC_ISA_USAGE = YES_ERROR;
				CLANG_WARN_DOCUMENTATION_COMMENTS = YES;
				CLANG_WARN_EMPTY_BODY = YES;
				CLANG_WARN_ENUM_CONVERSION = YES;
				CLANG_WARN_INFINITE_RECURSION = YES;
				CLANG_WARN_INT_CONVERSION = YES;
				CLANG_WARN_NON_LITERAL_NULL_CONVERSION = YES;
				CLANG_WARN_OBJC_IMPLICIT_RETAIN_SELF = YES;
				CLANG_WARN_OBJC_LITERAL_CONVERSION = YES;
				CLANG_WARN_OBJC_ROOT_CLASS = YES_ERROR;
				CLANG_WARN_QUOTED_INCLUDE_IN_FRAMEWORK_HEADER = YES;
				CLANG_WARN_RANGE_LOOP_ANALYSIS = YES;
				CLANG_WARN_STRICT_PROTOTYPES = YES;
				CLANG_WARN_SUSPICIOUS_MOVE = YES;
				CLANG_WARN_UNGUARDED_AVAILABILITY = YES_AGGRESSIVE;
				CLANG_WARN_UNREACHABLE_CODE = YES;
				CLANG_WARN__DUPLICATE_METHOD_MATCH = YES;
				COPY_PHASE_STRIP = NO;
				DEAD_CODE_STRIPPING = YES;
				DEBUG_INFORMATION_FORMAT = "dwarf-with-dsym";
				DEVELOPMENT_TEAM = L8T28YW2UK;
				ENABLE_NS_ASSERTIONS = NO;
				ENABLE_STRICT_OBJC_MSGSEND = YES;
				ENABLE_USER_SCRIPT_SANDBOXING = YES;
				GCC_C_LANGUAGE_STANDARD = gnu17;
				GCC_NO_COMMON_BLOCKS = YES;
				GCC_WARN_64_TO_32_BIT_CONVERSION = YES;
				GCC_WARN_ABOUT_RETURN_TYPE = YES_ERROR;
				GCC_WARN_UNDECLARED_SELECTOR = YES;
				GCC_WARN_UNINITIALIZED_AUTOS = YES_AGGRESSIVE;
				GCC_WARN_UNUSED_FUNCTION = YES;
				GCC_WARN_UNUSED_VARIABLE = YES;
				LOCALIZATION_PREFERS_STRING_CATALOGS = YES;
				MTL_ENABLE_DEBUG_INFO = NO;
				MTL_FAST_MATH = YES;
				STRING_CATALOG_GENERATE_SYMBOLS = YES;
				SWIFT_COMPILATION_MODE = wholemodule;
			};
			name = Release;
		};
		C5FD82EC2F90CC1D0003A500 /* Debug */ = {
			isa = XCBuildConfiguration;
			buildSettings = {
				ASSETCATALOG_COMPILER_GLOBAL_ACCENT_COLOR_NAME = AccentColor;
				ASSETCATALOG_COMPILER_WIDGET_BACKGROUND_COLOR_NAME = WidgetBackground;
				CODE_SIGN_ENTITLEMENTS = LibraryWidgetsExtension.entitlements;
				CODE_SIGN_STYLE = Automatic;
				CURRENT_PROJECT_VERSION = 1;
				DEAD_CODE_STRIPPING = YES;
				DEVELOPMENT_TEAM = L8T28YW2UK;
				ENABLE_APP_SANDBOX = YES;
				ENABLE_HARDENED_RUNTIME = YES;
				GENERATE_INFOPLIST_FILE = YES;
				INFOPLIST_FILE = LibraryWidgets/Info.plist;
				INFOPLIST_KEY_CFBundleDisplayName = LibraryWidgets;
				INFOPLIST_KEY_NSHumanReadableCopyright = "";
				IPHONEOS_DEPLOYMENT_TARGET = 26.4;
				LD_RUNPATH_SEARCH_PATHS = (
					"$(inherited)",
					"@executable_path/Frameworks",
					"@executable_path/../../Frameworks",
				);
				"LD_RUNPATH_SEARCH_PATHS[sdk=macosx*]" = (
					"$(inherited)",
					"@executable_path/../Frameworks",
					"@executable_path/../../../../Frameworks",
				);
				MACOSX_DEPLOYMENT_TARGET = 26.4;
				MARKETING_VERSION = 1.0;
				PRODUCT_BUNDLE_IDENTIFIER = com.akram.Library.LibraryWidgets;
				PRODUCT_NAME = "$(TARGET_NAME)";
				REGISTER_APP_GROUPS = YES;
				SDKROOT = auto;
				SKIP_INSTALL = YES;
				STRING_CATALOG_GENERATE_SYMBOLS = YES;
				SUPPORTED_PLATFORMS = "iphoneos iphonesimulator macosx";
				SUPPORTS_MACCATALYST = NO;
				SWIFT_APPROACHABLE_CONCURRENCY = YES;
				SWIFT_EMIT_LOC_STRINGS = YES;
				SWIFT_UPCOMING_FEATURE_MEMBER_IMPORT_VISIBILITY = YES;
				SWIFT_VERSION = 5.0;
				TARGETED_DEVICE_FAMILY = "1,2";
				XROS_DEPLOYMENT_TARGET = 26.4;
			};
			name = Debug;
		};
		C5FD82ED2F90CC1D0003A500 /* Release */ = {
			isa = XCBuildConfiguration;
			buildSettings = {
				ASSETCATALOG_COMPILER_GLOBAL_ACCENT_COLOR_NAME = AccentColor;
				ASSETCATALOG_COMPILER_WIDGET_BACKGROUND_COLOR_NAME = WidgetBackground;
				CODE_SIGN_ENTITLEMENTS = LibraryWidgetsExtension.entitlements;
				CODE_SIGN_STYLE = Automatic;
				CURRENT_PROJECT_VERSION = 1;
				DEAD_CODE_STRIPPING = YES;
				DEVELOPMENT_TEAM = L8T28YW2UK;
				ENABLE_APP_SANDBOX = YES;
				ENABLE_HARDENED_RUNTIME = YES;
				GENERATE_INFOPLIST_FILE = YES;
				INFOPLIST_FILE = LibraryWidgets/Info.plist;
				INFOPLIST_KEY_CFBundleDisplayName = LibraryWidgets;
				INFOPLIST_KEY_NSHumanReadableCopyright = "";
				IPHONEOS_DEPLOYMENT_TARGET = 26.4;
				LD_RUNPATH_SEARCH_PATHS = (
					"$(inherited)",
					"@executable_path/Frameworks",
					"@executable_path/../../Frameworks",
				);
				"LD_RUNPATH_SEARCH_PATHS[sdk=macosx*]" = (
					"$(inherited)",
					"@executable_path/../Frameworks",
					"@executable_path/../../../../Frameworks",
				);
				MACOSX_DEPLOYMENT_TARGET = 26.4;
				MARKETING_VERSION = 1.0;
				PRODUCT_BUNDLE_IDENTIFIER = com.akram.Library.LibraryWidgets;
				PRODUCT_NAME = "$(TARGET_NAME)";
				REGISTER_APP_GROUPS = YES;
				SDKROOT = auto;
				SKIP_INSTALL = YES;
				STRING_CATALOG_GENERATE_SYMBOLS = YES;
				SUPPORTED_PLATFORMS = "iphoneos iphonesimulator macosx";
				SUPPORTS_MACCATALYST = NO;
				SWIFT_APPROACHABLE_CONCURRENCY = YES;
				SWIFT_EMIT_LOC_STRINGS = YES;
				SWIFT_UPCOMING_FEATURE_MEMBER_IMPORT_VISIBILITY = YES;
				SWIFT_VERSION = 5.0;
				TARGETED_DEVICE_FAMILY = "1,2";
				XROS_DEPLOYMENT_TARGET = 26.4;
			};
			name = Release;
		};
/* End XCBuildConfiguration section */

/* Begin XCConfigurationList section */
		C5FD82062F90C3530003A500 /* Build configuration list for PBXProject "Library" */ = {
			isa = XCConfigurationList;
			buildConfigurations = (
				C5FD821C2F90C3530003A500 /* Debug */,
				C5FD821D2F90C3530003A500 /* Release */,
			);
			defaultConfigurationIsVisible = 0;
			defaultConfigurationName = Release;
		};
		C5FD82192F90C3530003A500 /* Build configuration list for PBXNativeTarget "Library" */ = {
			isa = XCConfigurationList;
			buildConfigurations = (
				C5FD821A2F90C3530003A500 /* Debug */,
				C5FD821B2F90C3530003A500 /* Release */,
			);
			defaultConfigurationIsVisible = 0;
			defaultConfigurationName = Release;
		};
		C5FD82EB2F90CC1D0003A500 /* Build configuration list for PBXNativeTarget "LibraryWidgetsExtension" */ = {
			isa = XCConfigurationList;
			buildConfigurations = (
				C5FD82EC2F90CC1D0003A500 /* Debug */,
				C5FD82ED2F90CC1D0003A500 /* Release */,
			);
			defaultConfigurationIsVisible = 0;
			defaultConfigurationName = Release;
		};
/* End XCConfigurationList section */

/* Begin XCLocalSwiftPackageReference section */
		C54819212F9E0B3B006D5686 /* XCLocalSwiftPackageReference "SwiftSoup-master" */ = {
			isa = XCLocalSwiftPackageReference;
			relativePath = "SwiftSoup-master";
		};
/* End XCLocalSwiftPackageReference section */
	};
	rootObject = C5FD82032F90C3530003A500 /* Project object */;
}
